
Microsoft Visual Studio Solution File, Format Version 12.00
# Visual Studio 15
VisualStudioVersion = 15.0.27703.2047
MinimumVisualStudioVersion = 10.0.40219.1
Project("{FAE04EC0-301F-11D3-BF4B-00C04F79EFBC}") = "SecretSatan.App", "SecretSatan.App\SecretSatan.App.csproj", "{635E2DF5-1303-4DE0-869C-F43853AC1F96}"
EndProject
Project("{FAE04EC0-301F-11D3-BF4B-00C04F79EFBC}") = "SecretSatan.Tests", "SecretSatan.Tests\SecretSatan.Tests.csproj", "{A34BE6E0-79E7-4AA5-8062-99024F8E855C}"
EndProject
Global
	GlobalSection(SolutionConfigurationPlatforms) = preSolution
		Debug|Any CPU = Debug|Any CPU
		Release|Any CPU = Release|Any CPU
	EndGlobalSection
	GlobalSection(ProjectConfigurationPlatforms) = postSolution
		{635E2DF5-1303-4DE0-869C-F43853AC1F96}.Debug|Any CPU.ActiveCfg = Debug|Any CPU
		{635E2DF5-1303-4DE0-869C-F43853AC1F96}.Debug|Any CPU.Build.0 = Debug|Any CPU
		{635E2DF5-1303-4DE0-869C-F43853AC1F96}.Release|Any CPU.ActiveCfg = Release|Any CPU
		{635E2DF5-1303-4DE0-869C-F43853AC1F96}.Release|Any CPU.Build.0 = Release|Any CPU
		{A34BE6E0-79E7-4AA5-8062-99024F8E855C}.Debug|Any CPU.ActiveCfg = Debug|Any CPU
		{A34BE6E0-79E7-4AA5-8062-99024F8E855C}.Debug|Any CPU.Build.0 = Debug|Any CPU
		{A34BE6E0-79E7-4AA5-8062-99024F8E855C}.Release|Any CPU.ActiveCfg = Release|Any CPU
		{A34BE6E0-79E7-4AA5-8062-99024F8E855C}.Release|Any CPU.Build.0 = Release|Any CPU
	EndGlobalSection
	GlobalSection(SolutionProperties) = preSolution
		HideSolutionNode = FALSE
	EndGlobalSection
	GlobalSection(ExtensibilityGlobals) = postSolution
		SolutionGuid = {3F76E92C-5E85-45A3-95C9-A5E7430DF4DF}
	EndGlobalSection
EndGlobal
